
Microsoft Visual Studio Solution File, Format Version 12.00
# Visual Studio Version 16
VisualStudioVersion = 16.0.31321.278
MinimumVisualStudioVersion = 10.0.40219.1
Project("{8BC9CEB8-8B4A-11D0-8D11-00A0C91BC942}") = "portal-juggle", "portal-juggle\portal-juggle.vcxproj", "{77991AC0-831F-4A3E-B48E-7EA97A5AC215}"
EndProject
Global
	GlobalSection(SolutionConfigurationPlatforms) = preSolution
		Debug|x64 = Debug|x64
		Debug|x86 = Debug|x86
		Release|x64 = Release|x64
		Release|x86 = Release|x86
	EndGlobalSection
	GlobalSection(ProjectConfigurationPlatforms) = postSolution
		{77991AC0-831F-4A3E-B48E-7EA97A5AC215}.Debug|x64.ActiveCfg = Debug|x64
		{77991AC0-831F-4A3E-B48E-7EA97A5AC215}.Debug|x64.Build.0 = Debug|x64
		{77991AC0-831F-4A3E-B48E-7EA97A5AC215}.Debug|x86.ActiveCfg = Debug|Win32
		{77991AC0-831F-4A3E-B48E-7EA97A5AC215}.Debug|x86.Build.0 = Debug|Win32
		{77991AC0-831F-4A3E-B48E-7EA97A5AC215}.Release|x64.ActiveCfg = Release|x64
		{77991AC0-831F-4A3E-B48E-7EA97A5AC215}.Release|x64.Build.0 = Release|x64
		{77991AC0-831F-4A3E-B48E-7EA97A5AC215}.Release|x86.ActiveCfg = Release|Win32
		{77991AC0-831F-4A3E-B48E-7EA97A5AC215}.Release|x86.Build.0 = Release|Win32
	EndGlobalSection
	GlobalSection(SolutionProperties) = preSolution
		HideSolutionNode = FALSE
	EndGlobalSection
	GlobalSection(ExtensibilityGlobals) = postSolution
		SolutionGuid = {E38E265C-F422-4883-BE31-224C7F09153F}
	EndGlobalSection
EndGlobal
